{
  "pins" : [
    {
      "identity" : "bottomsheet",
      "kind" : "remoteSourceControl",
      "location" : "https://github.com/lucaszischka/BottomSheet",
      "state" : {
        "revision" : "4c9ef84552712e0117c37d4893270fdc28fb9288",
        "version" : "3.1.0"
      }
    },
    {
      "identity" : "coregpx",
      "kind" : "remoteSourceControl",
      "location" : "https://github.com/vincentneo/CoreGPX",
      "state" : {
        "branch" : "master",
        "revision" : "fd50448409ca5a0e99d788ad59522fee22495760"
      }
    }
  ],
  "version" : 2
}
