// !$*UTF8*$!
{
	archiveVersion = 1;
	classes = {
	};
	objectVersion = 55;
	objects = {

/* Begin PBXBuildFile section */
		80A6952628CE4639009FEDCA /* TETApp.swift in Sources */ = {isa = PBXBuildFile; fileRef = 80A6952528CE4639009FEDCA /* TETApp.swift */; };
		80A6952828CE4639009FEDCA /* ContentView.swift in Sources */ = {isa = PBXBuildFile; fileRef = 80A6952728CE4639009FEDCA /* ContentView.swift */; };
		80A6952A28CE463A009FEDCA /* Assets.xcassets in Resources */ = {isa = PBXBuildFile; fileRef = 80A6952928CE463A009FEDCA /* Assets.xcassets */; };
		80A6952D28CE463A009FEDCA /* Preview Assets.xcassets in Resources */ = {isa = PBXBuildFile; fileRef = 80A6952C28CE463A009FEDCA /* Preview Assets.xcassets */; };
		80A6953428CE46E4009FEDCA /* MapView.swift in Sources */ = {isa = PBXBuildFile; fileRef = 80A6953328CE46E4009FEDCA /* MapView.swift */; };
		80A6953B28CE47B6009FEDCA /* MapViewModel.swift in Sources */ = {isa = PBXBuildFile; fileRef = 80A6953A28CE47B6009FEDCA /* MapViewModel.swift */; };
		80D5B97028D12C700028679E /* TrackModel.swift in Sources */ = {isa = PBXBuildFile; fileRef = 80D5B96F28D12C700028679E /* TrackModel.swift */; };
		80D5B97228D2A3E40028679E /* Symbols.swift in Sources */ = {isa = PBXBuildFile; fileRef = 80D5B97128D2A3E40028679E /* Symbols.swift */; };
		80EDE7AE28CEAAF300F790B6 /* CoreGPX in Frameworks */ = {isa = PBXBuildFile; productRef = 80EDE7AD28CEAAF300F790B6 /* CoreGPX */; };
/* End PBXBuildFile section */

/* Begin PBXFileReference section */
		80A6952228CE4639009FEDCA /* TET.app */ = {isa = PBXFileReference; explicitFileType = wrapper.application; includeInIndex = 0; path = TET.app; sourceTree = BUILT_PRODUCTS_DIR; };
		80A6952528CE4639009FEDCA /* TETApp.swift */ = {isa = PBXFileReference; lastKnownFileType = sourcecode.swift; path = TETApp.swift; sourceTree = "<group>"; };
		80A6952728CE4639009FEDCA /* ContentView.swift */ = {isa = PBXFileReference; lastKnownFileType = sourcecode.swift; path = ContentView.swift; sourceTree = "<group>"; };
		80A6952928CE463A009FEDCA /* Assets.xcassets */ = {isa = PBXFileReference; lastKnownFileType = folder.assetcatalog; path = Assets.xcassets; sourceTree = "<group>"; };
		80A6952C28CE463A009FEDCA /* Preview Assets.xcassets */ = {isa = PBXFileReference; lastKnownFileType = folder.assetcatalog; path = "Preview Assets.xcassets"; sourceTree = "<group>"; };
		80A6953328CE46E4009FEDCA /* MapView.swift */ = {isa = PBXFileReference; fileEncoding = 4; lastKnownFileType = sourcecode.swift; path = MapView.swift; sourceTree = "<group>"; };
		80A6953A28CE47B6009FEDCA /* MapViewModel.swift */ = {isa = PBXFileReference; fileEncoding = 4; lastKnownFileType = sourcecode.swift; path = MapViewModel.swift; sourceTree = "<group>"; };
		80D5B96F28D12C700028679E /* TrackModel.swift */ = {isa = PBXFileReference; lastKnownFileType = sourcecode.swift; path = TrackModel.swift; sourceTree = "<group>"; };
		80D5B97128D2A3E40028679E /* Symbols.swift */ = {isa = PBXFileReference; lastKnownFileType = sourcecode.swift; path = Symbols.swift; sourceTree = "<group>"; };
/* End PBXFileReference section */

/* Begin PBXFrameworksBuildPhase section */
		80A6951F28CE4639009FEDCA /* Frameworks */ = {
			isa = PBXFrameworksBuildPhase;
			buildActionMask = 2147483647;
			files = (
				80EDE7AE28CEAAF300F790B6 /* CoreGPX in Frameworks */,
			);
			runOnlyForDeploymentPostprocessing = 0;
		};
/* End PBXFrameworksBuildPhase section */

/* Begin PBXGroup section */
		80A6951928CE4639009FEDCA = {
			isa = PBXGroup;
			children = (
				80A6952428CE4639009FEDCA /* TET */,
				80A6952328CE4639009FEDCA /* Products */,
			);
			sourceTree = "<group>";
		};
		80A6952328CE4639009FEDCA /* Products */ = {
			isa = PBXGroup;
			children = (
				80A6952228CE4639009FEDCA /* TET.app */,
			);
			name = Products;
			sourceTree = "<group>";
		};
		80A6952428CE4639009FEDCA /* TET */ = {
			isa = PBXGroup;
			children = (
				80D5B97328D2A4980028679E /* Views */,
				80A6953928CE47B6009FEDCA /* Models */,
				80A6952528CE4639009FEDCA /* TETApp.swift */,
				80A6952928CE463A009FEDCA /* Assets.xcassets */,
				80A6952B28CE463A009FEDCA /* Preview Content */,
			);
			path = TET;
			sourceTree = "<group>";
		};
		80A6952B28CE463A009FEDCA /* Preview Content */ = {
			isa = PBXGroup;
			children = (
				80A6952C28CE463A009FEDCA /* Preview Assets.xcassets */,
			);
			path = "Preview Content";
			sourceTree = "<group>";
		};
		80A6953928CE47B6009FEDCA /* Models */ = {
			isa = PBXGroup;
			children = (
				80A6953A28CE47B6009FEDCA /* MapViewModel.swift */,
				80D5B96F28D12C700028679E /* TrackModel.swift */,
				80D5B97128D2A3E40028679E /* Symbols.swift */,
			);
			path = Models;
			sourceTree = "<group>";
		};
		80D5B97328D2A4980028679E /* Views */ = {
			isa = PBXGroup;
			children = (
				80A6953328CE46E4009FEDCA /* MapView.swift */,
				80A6952728CE4639009FEDCA /* ContentView.swift */,
			);
			path = Views;
			sourceTree = "<group>";
		};
/* End PBXGroup section */

/* Begin PBXNativeTarget section */
		80A6952128CE4639009FEDCA /* TET */ = {
			isa = PBXNativeTarget;
			buildConfigurationList = 80A6953028CE463A009FEDCA /* Build configuration list for PBXNativeTarget "TET" */;
			buildPhases = (
				80A6951E28CE4639009FEDCA /* Sources */,
				80A6951F28CE4639009FEDCA /* Frameworks */,
				80A6952028CE4639009FEDCA /* Resources */,
			);
			buildRules = (
			);
			dependencies = (
			);
			name = TET;
			packageProductDependencies = (
				80EDE7AD28CEAAF300F790B6 /* CoreGPX */,
			);
			productName = TET;
			productReference = 80A6952228CE4639009FEDCA /* TET.app */;
			productType = "com.apple.product-type.application";
		};
/* End PBXNativeTarget section */

/* Begin PBXProject section */
		80A6951A28CE4639009FEDCA /* Project object */ = {
			isa = PBXProject;
			attributes = {
				BuildIndependentTargetsInParallel = 1;
				LastSwiftUpdateCheck = 1340;
				LastUpgradeCheck = 1340;
				TargetAttributes = {
					80A6952128CE4639009FEDCA = {
						CreatedOnToolsVersion = 13.4.1;
					};
				};
			};
			buildConfigurationList = 80A6951D28CE4639009FEDCA /* Build configuration list for PBXProject "TET" */;
			compatibilityVersion = "Xcode 13.0";
			developmentRegion = en;
			hasScannedForEncodings = 0;
			knownRegions = (
				en,
				Base,
			);
			mainGroup = 80A6951928CE4639009FEDCA;
			packageReferences = (
				80EDE7AC28CEAAF300F790B6 /* XCRemoteSwiftPackageReference "CoreGPX" */,
			);
			productRefGroup = 80A6952328CE4639009FEDCA /* Products */;
			projectDirPath = "";
			projectRoot = "";
			targets = (
				80A6952128CE4639009FEDCA /* TET */,
			);
		};
/* End PBXProject section */

/* Begin PBXResourcesBuildPhase section */
		80A6952028CE4639009FEDCA /* Resources */ = {
			isa = PBXResourcesBuildPhase;
			buildActionMask = 2147483647;
			files = (
				80A6952D28CE463A009FEDCA /* Preview Assets.xcassets in Resources */,
				80A6952A28CE463A009FEDCA /* Assets.xcassets in Resources */,
			);
			runOnlyForDeploymentPostprocessing = 0;
		};
/* End PBXResourcesBuildPhase section */

/* Begin PBXSourcesBuildPhase section */
		80A6951E28CE4639009FEDCA /* Sources */ = {
			isa = PBXSourcesBuildPhase;
			buildActionMask = 2147483647;
			files = (
				80A6952828CE4639009FEDCA /* ContentView.swift in Sources */,
				80A6953428CE46E4009FEDCA /* MapView.swift in Sources */,
				80A6952628CE4639009FEDCA /* TETApp.swift in Sources */,
				80D5B97228D2A3E40028679E /* Symbols.swift in Sources */,
				80D5B97028D12C700028679E /* TrackModel.swift in Sources */,
				80A6953B28CE47B6009FEDCA /* MapViewModel.swift in Sources */,
			);
			runOnlyForDeploymentPostprocessing = 0;
		};
/* End PBXSourcesBuildPhase section */

/* Begin XCBuildConfiguration section */
		80A6952E28CE463A009FEDCA /* Debug */ = {
			isa = XCBuildConfiguration;
			buildSettings = {
				ALWAYS_SEARCH_USER_PATHS = NO;
				CLANG_ANALYZER_NONNULL = YES;
				CLANG_ANALYZER_NUMBER_OBJECT_CONVERSION = YES_AGGRESSIVE;
				CLANG_CXX_LANGUAGE_STANDARD = "gnu++17";
				CLANG_ENABLE_MODULES = YES;
				CLANG_ENABLE_OBJC_ARC = YES;
				CLANG_ENABLE_OBJC_WEAK = YES;
				CLANG_WARN_BLOCK_CAPTURE_AUTORELEASING = YES;
				CLANG_WARN_BOOL_CONVERSION = YES;
				CLANG_WARN_COMMA = YES;
				CLANG_WARN_CONSTANT_CONVERSION = YES;
				CLANG_WARN_DEPRECATED_OBJC_IMPLEMENTATIONS = YES;
				CLANG_WARN_DIRECT_OBJC_ISA_USAGE = YES_ERROR;
				CLANG_WARN_DOCUMENTATION_COMMENTS = YES;
				CLANG_WARN_EMPTY_BODY = YES;
				CLANG_WARN_ENUM_CONVERSION = YES;
				CLANG_WARN_INFINITE_RECURSION = YES;
				CLANG_WARN_INT_CONVERSION = YES;
				CLANG_WARN_NON_LITERAL_NULL_CONVERSION = YES;
				CLANG_WARN_OBJC_IMPLICIT_RETAIN_SELF = YES;
				CLANG_WARN_OBJC_LITERAL_CONVERSION = YES;
				CLANG_WARN_OBJC_ROOT_CLASS = YES_ERROR;
				CLANG_WARN_QUOTED_INCLUDE_IN_FRAMEWORK_HEADER = YES;
				CLANG_WARN_RANGE_LOOP_ANALYSIS = YES;
				CLANG_WARN_STRICT_PROTOTYPES = YES;
				CLANG_WARN_SUSPICIOUS_MOVE = YES;
				CLANG_WARN_UNGUARDED_AVAILABILITY = YES_AGGRESSIVE;
				CLANG_WARN_UNREACHABLE_CODE = YES;
				CLANG_WARN__DUPLICATE_METHOD_MATCH = YES;
				COPY_PHASE_STRIP = NO;
				DEBUG_INFORMATION_FORMAT = dwarf;
				ENABLE_STRICT_OBJC_MSGSEND = YES;
				ENABLE_TESTABILITY = YES;
				GCC_C_LANGUAGE_STANDARD = gnu11;
				GCC_DYNAMIC_NO_PIC = NO;
				GCC_NO_COMMON_BLOCKS = YES;
				GCC_OPTIMIZATION_LEVEL = 0;
				GCC_PREPROCESSOR_DEFINITIONS = (
					"DEBUG=1",
					"$(inherited)",
				);
				GCC_WARN_64_TO_32_BIT_CONVERSION = YES;
				GCC_WARN_ABOUT_RETURN_TYPE = YES_ERROR;
				GCC_WARN_UNDECLARED_SELECTOR = YES;
				GCC_WARN_UNINITIALIZED_AUTOS = YES_AGGRESSIVE;
				GCC_WARN_UNUSED_FUNCTION = YES;
				GCC_WARN_UNUSED_VARIABLE = YES;
				IPHONEOS_DEPLOYMENT_TARGET = 15.5;
				MTL_ENABLE_DEBUG_INFO = INCLUDE_SOURCE;
				MTL_FAST_MATH = YES;
				ONLY_ACTIVE_ARCH = YES;
				SDKROOT = iphoneos;
				SWIFT_ACTIVE_COMPILATION_CONDITIONS = DEBUG;
				SWIFT_OPTIMIZATION_LEVEL = "-Onone";
			};
			name = Debug;
		};
		80A6952F28CE463A009FEDCA /* Release */ = {
			isa = XCBuildConfiguration;
			buildSettings = {
				ALWAYS_SEARCH_USER_PATHS = NO;
				CLANG_ANALYZER_NONNULL = YES;
				CLANG_ANALYZER_NUMBER_OBJECT_CONVERSION = YES_AGGRESSIVE;
				CLANG_CXX_LANGUAGE_STANDARD = "gnu++17";
				CLANG_ENABLE_MODULES = YES;
				CLANG_ENABLE_OBJC_ARC = YES;
				CLANG_ENABLE_OBJC_WEAK = YES;
				CLANG_WARN_BLOCK_CAPTURE_AUTORELEASING = YES;
				CLANG_WARN_BOOL_CONVERSION = YES;
				CLANG_WARN_COMMA = YES;
				CLANG_WARN_CONSTANT_CONVERSION = YES;
				CLANG_WARN_DEPRECATED_OBJC_IMPLEMENTATIONS = YES;
				CLANG_WARN_DIRECT_OBJC_ISA_USAGE = YES_ERROR;
				CLANG_WARN_DOCUMENTATION_COMMENTS = YES;
				CLANG_WARN_EMPTY_BODY = YES;
				CLANG_WARN_ENUM_CONVERSION = YES;
				CLANG_WARN_INFINITE_RECURSION = YES;
				CLANG_WARN_INT_CONVERSION = YES;
				CLANG_WARN_NON_LITERAL_NULL_CONVERSION = YES;
				CLANG_WARN_OBJC_IMPLICIT_RETAIN_SELF = YES;
				CLANG_WARN_OBJC_LITERAL_CONVERSION = YES;
				CLANG_WARN_OBJC_ROOT_CLASS = YES_ERROR;
				CLANG_WARN_QUOTED_INCLUDE_IN_FRAMEWORK_HEADER = YES;
				CLANG_WARN_RANGE_LOOP_ANALYSIS = YES;
				CLANG_WARN_STRICT_PROTOTYPES = YES;
				CLANG_WARN_SUSPICIOUS_MOVE = YES;
				CLANG_WARN_UNGUARDED_AVAILABILITY = YES_AGGRESSIVE;
				CLANG_WARN_UNREACHABLE_CODE = YES;
				CLANG_WARN__DUPLICATE_METHOD_MATCH = YES;
				COPY_PHASE_STRIP = NO;
				DEBUG_INFORMATION_FORMAT = "dwarf-with-dsym";
				ENABLE_NS_ASSERTIONS = NO;
				ENABLE_STRICT_OBJC_MSGSEND = YES;
				GCC_C_LANGUAGE_STANDARD = gnu11;
				GCC_NO_COMMON_BLOCKS = YES;
				GCC_WARN_64_TO_32_BIT_CONVERSION = YES;
				GCC_WARN_ABOUT_RETURN_TYPE = YES_ERROR;
				GCC_WARN_UNDECLARED_SELECTOR = YES;
				GCC_WARN_UNINITIALIZED_AUTOS = YES_AGGRESSIVE;
				GCC_WARN_UNUSED_FUNCTION = YES;
				GCC_WARN_UNUSED_VARIABLE = YES;
				IPHONEOS_DEPLOYMENT_TARGET = 15.5;
				MTL_ENABLE_DEBUG_INFO = NO;
				MTL_FAST_MATH = YES;
				SDKROOT = iphoneos;
				SWIFT_COMPILATION_MODE = wholemodule;
				SWIFT_OPTIMIZATION_LEVEL = "-O";
				VALIDATE_PRODUCT = YES;
			};
			name = Release;
		};
		80A6953128CE463A009FEDCA /* Debug */ = {
			isa = XCBuildConfiguration;
			buildSettings = {
				ASSETCATALOG_COMPILER_APPICON_NAME = AppIcon;
				ASSETCATALOG_COMPILER_GLOBAL_ACCENT_COLOR_NAME = AccentColor;
				CODE_SIGN_STYLE = Automatic;
				CURRENT_PROJECT_VERSION = 1;
				DEVELOPMENT_ASSET_PATHS = "\"TET/Preview Content\"";
				DEVELOPMENT_TEAM = ZBBD84W4M2;
				ENABLE_PREVIEWS = YES;
				GENERATE_INFOPLIST_FILE = YES;
				INFOPLIST_KEY_NSLocationWhenInUseUsageDescription = "Location authorization is required for the application.";
				INFOPLIST_KEY_UIApplicationSceneManifest_Generation = YES;
				INFOPLIST_KEY_UIApplicationSupportsIndirectInputEvents = YES;
				INFOPLIST_KEY_UILaunchScreen_Generation = YES;
				INFOPLIST_KEY_UISupportedInterfaceOrientations_iPad = "UIInterfaceOrientationPortrait UIInterfaceOrientationPortraitUpsideDown UIInterfaceOrientationLandscapeLeft UIInterfaceOrientationLandscapeRight";
				INFOPLIST_KEY_UISupportedInterfaceOrientations_iPhone = "UIInterfaceOrientationPortrait UIInterfaceOrientationLandscapeLeft UIInterfaceOrientationLandscapeRight";
				LD_RUNPATH_SEARCH_PATHS = (
					"$(inherited)",
					"@executable_path/Frameworks",
				);
				MARKETING_VERSION = 1.0;
				PRODUCT_BUNDLE_IDENTIFIER = MADsoft.TET;
				PRODUCT_NAME = "$(TARGET_NAME)";
				SWIFT_EMIT_LOC_STRINGS = YES;
				SWIFT_VERSION = 5.0;
				TARGETED_DEVICE_FAMILY = "1,2";
			};
			name = Debug;
		};
		80A6953228CE463A009FEDCA /* Release */ = {
			isa = XCBuildConfiguration;
			buildSettings = {
				ASSETCATALOG_COMPILER_APPICON_NAME = AppIcon;
				ASSETCATALOG_COMPILER_GLOBAL_ACCENT_COLOR_NAME = AccentColor;
				CODE_SIGN_STYLE = Automatic;
				CURRENT_PROJECT_VERSION = 1;
				DEVELOPMENT_ASSET_PATHS = "\"TET/Preview Content\"";
				DEVELOPMENT_TEAM = ZBBD84W4M2;
				ENABLE_PREVIEWS = YES;
				GENERATE_INFOPLIST_FILE = YES;
				INFOPLIST_KEY_NSLocationWhenInUseUsageDescription = "Location authorization is required for the application.";
				INFOPLIST_KEY_UIApplicationSceneManifest_Generation = YES;
				INFOPLIST_KEY_UIApplicationSupportsIndirectInputEvents = YES;
				INFOPLIST_KEY_UILaunchScreen_Generation = YES;
				INFOPLIST_KEY_UISupportedInterfaceOrientations_iPad = "UIInterfaceOrientationPortrait UIInterfaceOrientationPortraitUpsideDown UIInterfaceOrientationLandscapeLeft UIInterfaceOrientationLandscapeRight";
				INFOPLIST_KEY_UISupportedInterfaceOrientations_iPhone = "UIInterfaceOrientationPortrait UIInterfaceOrientationLandscapeLeft UIInterfaceOrientationLandscapeRight";
				LD_RUNPATH_SEARCH_PATHS = (
					"$(inherited)",
					"@executable_path/Frameworks",
				);
				MARKETING_VERSION = 1.0;
				PRODUCT_BUNDLE_IDENTIFIER = MADsoft.TET;
				PRODUCT_NAME = "$(TARGET_NAME)";
				SWIFT_EMIT_LOC_STRINGS = YES;
				SWIFT_VERSION = 5.0;
				TARGETED_DEVICE_FAMILY = "1,2";
			};
			name = Release;
		};
/* End XCBuildConfiguration section */

/* Begin XCConfigurationList section */
		80A6951D28CE4639009FEDCA /* Build configuration list for PBXProject "TET" */ = {
			isa = XCConfigurationList;
			buildConfigurations = (
				80A6952E28CE463A009FEDCA /* Debug */,
				80A6952F28CE463A009FEDCA /* Release */,
			);
			defaultConfigurationIsVisible = 0;
			defaultConfigurationName = Release;
		};
		80A6953028CE463A009FEDCA /* Build configuration list for PBXNativeTarget "TET" */ = {
			isa = XCConfigurationList;
			buildConfigurations = (
				80A6953128CE463A009FEDCA /* Debug */,
				80A6953228CE463A009FEDCA /* Release */,
			);
			defaultConfigurationIsVisible = 0;
			defaultConfigurationName = Release;
		};
/* End XCConfigurationList section */

/* Begin XCRemoteSwiftPackageReference section */
		80EDE7AC28CEAAF300F790B6 /* XCRemoteSwiftPackageReference "CoreGPX" */ = {
			isa = XCRemoteSwiftPackageReference;
			repositoryURL = "https://github.com/vincentneo/CoreGPX";
			requirement = {
				branch = master;
				kind = branch;
			};
		};
/* End XCRemoteSwiftPackageReference section */

/* Begin XCSwiftPackageProductDependency section */
		80EDE7AD28CEAAF300F790B6 /* CoreGPX */ = {
			isa = XCSwiftPackageProductDependency;
			package = 80EDE7AC28CEAAF300F790B6 /* XCRemoteSwiftPackageReference "CoreGPX" */;
			productName = CoreGPX;
		};
/* End XCSwiftPackageProductDependency section */
	};
	rootObject = 80A6951A28CE4639009FEDCA /* Project object */;
}
